
Microsoft Visual Studio Solution File, Format Version 12.00
# Visual Studio Version 17
VisualStudioVersion = 17.6.33723.286
MinimumVisualStudioVersion = 10.0.40219.1
Project("{FAE04EC0-301F-11D3-BF4B-00C04F79EFBC}") = "StudentManagement", "StudentManagement\StudentManagement.csproj", "{78BA97B5-3DF5-43D0-A5F0-29C259B2506C}"
EndProject
Global
	GlobalSection(SolutionConfigurationPlatforms) = preSolution
		Debug|Any CPU = Debug|Any CPU
		Release|Any CPU = Release|Any CPU
	EndGlobalSection
	GlobalSection(ProjectConfigurationPlatforms) = postSolution
		{78BA97B5-3DF5-43D0-A5F0-29C259B2506C}.Debug|Any CPU.ActiveCfg = Debug|Any CPU
		{78BA97B5-3DF5-43D0-A5F0-29C259B2506C}.Debug|Any CPU.Build.0 = Debug|Any CPU
		{78BA97B5-3DF5-43D0-A5F0-29C259B2506C}.Release|Any CPU.ActiveCfg = Release|Any CPU
		{78BA97B5-3DF5-43D0-A5F0-29C259B2506C}.Release|Any CPU.Build.0 = Release|Any CPU
	EndGlobalSection
	GlobalSection(SolutionProperties) = preSolution
		HideSolutionNode = FALSE
	EndGlobalSection
	GlobalSection(ExtensibilityGlobals) = postSolution
		SolutionGuid = {35CAB94B-C937-41C6-87F9-0CD601B3CF95}
	EndGlobalSection
EndGlobal
